
Microsoft Visual Studio Solution File, Format Version 12.00
# Visual Studio Version 17
VisualStudioVersion = 17.12.35514.174 d17.12
MinimumVisualStudioVersion = 10.0.40219.1
Project("{8BC9CEB8-8B4A-11D0-8D11-00A0C91BC942}") = "Auth Server", "Auth Server\Auth Server\Auth Server.vcxproj", "{9AAFC559-8C3F-4C46-B7CE-F80F675B8EB9}"
EndProject
Project("{8BC9CEB8-8B4A-11D0-8D11-00A0C91BC942}") = "Game Server", "Game Server\Game Server\Game Server.vcxproj", "{5B37B3A4-6967-4287-9F16-3BD3252EC98D}"
EndProject
Project("{8BC9CEB8-8B4A-11D0-8D11-00A0C91BC942}") = "GG Auth Server", "GG Auth Server\GG Auth Server\GG Auth Server.vcxproj", "{D9C25758-DFAF-4587-8289-E6777D8B2CAE}"
EndProject
Project("{8BC9CEB8-8B4A-11D0-8D11-00A0C91BC942}") = "IFF Manager", "IFF Manager\IFF Manager\IFF Manager.vcxproj", "{FC2929DF-CC08-4A5B-8D2B-69286E82DA4F}"
EndProject
Project("{8BC9CEB8-8B4A-11D0-8D11-00A0C91BC942}") = "Login Server", "Login Server\Login Server\Login Server.vcxproj", "{B5FAA7B5-CF34-4BF0-8DDB-FED26075FA82}"
EndProject
Project("{8BC9CEB8-8B4A-11D0-8D11-00A0C91BC942}") = "Message Server", "Message Server\Message Server\Message Server.vcxproj", "{18F4FF67-1170-4DAD-82EB-5377DAD09614}"
EndProject
Project("{8BC9CEB8-8B4A-11D0-8D11-00A0C91BC942}") = "Rank Server", "Rank Server\Rank Server\Rank Server.vcxproj", "{B98C9E7A-2BCD-4BE8-84A2-8EF130A33958}"
EndProject
Project("{8BC9CEB8-8B4A-11D0-8D11-00A0C91BC942}") = "Smart Calculator Lib", "Smart Calculator lib\Smart Calculator Lib\Smart Calculator Lib.vcxproj", "{DAD83347-216A-485C-8EF9-A13297CE409C}"
EndProject
Project("{8BC9CEB8-8B4A-11D0-8D11-00A0C91BC942}") = "GGSrvLib26-1", "GGSrvLib26-1\GGSrvLib26-1\GGSrvLib26-1.vcxproj", "{CEBADFF6-17ED-4DED-A70C-2A738F699AB1}"
EndProject
Project("{8BC9CEB8-8B4A-11D0-8D11-00A0C91BC942}") = "ggauth70-1", "ggauth70-1\ggauth70-1\ggauth70-1.vcxproj", "{78E62999-7403-42AF-8141-B22D59E069A9}"
EndProject
Global
	GlobalSection(SolutionConfigurationPlatforms) = preSolution
		Debug|x64 = Debug|x64
		Debug|x86 = Debug|x86
		Release|x64 = Release|x64
		Release|x86 = Release|x86
	EndGlobalSection
	GlobalSection(ProjectConfigurationPlatforms) = postSolution
		{9AAFC559-8C3F-4C46-B7CE-F80F675B8EB9}.Debug|x64.ActiveCfg = Debug|x64
		{9AAFC559-8C3F-4C46-B7CE-F80F675B8EB9}.Debug|x64.Build.0 = Debug|x64
		{9AAFC559-8C3F-4C46-B7CE-F80F675B8EB9}.Debug|x86.ActiveCfg = Debug|Win32
		{9AAFC559-8C3F-4C46-B7CE-F80F675B8EB9}.Debug|x86.Build.0 = Debug|Win32
		{9AAFC559-8C3F-4C46-B7CE-F80F675B8EB9}.Release|x64.ActiveCfg = Release|x64
		{9AAFC559-8C3F-4C46-B7CE-F80F675B8EB9}.Release|x64.Build.0 = Release|x64
		{9AAFC559-8C3F-4C46-B7CE-F80F675B8EB9}.Release|x86.ActiveCfg = Release|Win32
		{9AAFC559-8C3F-4C46-B7CE-F80F675B8EB9}.Release|x86.Build.0 = Release|Win32
		{5B37B3A4-6967-4287-9F16-3BD3252EC98D}.Debug|x64.ActiveCfg = Debug|x64
		{5B37B3A4-6967-4287-9F16-3BD3252EC98D}.Debug|x64.Build.0 = Debug|x64
		{5B37B3A4-6967-4287-9F16-3BD3252EC98D}.Debug|x86.ActiveCfg = Debug|Win32
		{5B37B3A4-6967-4287-9F16-3BD3252EC98D}.Debug|x86.Build.0 = Debug|Win32
		{5B37B3A4-6967-4287-9F16-3BD3252EC98D}.Release|x64.ActiveCfg = Release|x64
		{5B37B3A4-6967-4287-9F16-3BD3252EC98D}.Release|x64.Build.0 = Release|x64
		{5B37B3A4-6967-4287-9F16-3BD3252EC98D}.Release|x86.ActiveCfg = Release|Win32
		{5B37B3A4-6967-4287-9F16-3BD3252EC98D}.Release|x86.Build.0 = Release|Win32
		{D9C25758-DFAF-4587-8289-E6777D8B2CAE}.Debug|x64.ActiveCfg = Debug|x64
		{D9C25758-DFAF-4587-8289-E6777D8B2CAE}.Debug|x64.Build.0 = Debug|x64
		{D9C25758-DFAF-4587-8289-E6777D8B2CAE}.Debug|x86.ActiveCfg = Debug|Win32
		{D9C25758-DFAF-4587-8289-E6777D8B2CAE}.Debug|x86.Build.0 = Debug|Win32
		{D9C25758-DFAF-4587-8289-E6777D8B2CAE}.Release|x64.ActiveCfg = Release|x64
		{D9C25758-DFAF-4587-8289-E6777D8B2CAE}.Release|x64.Build.0 = Release|x64
		{D9C25758-DFAF-4587-8289-E6777D8B2CAE}.Release|x86.ActiveCfg = Release|Win32
		{D9C25758-DFAF-4587-8289-E6777D8B2CAE}.Release|x86.Build.0 = Release|Win32
		{FC2929DF-CC08-4A5B-8D2B-69286E82DA4F}.Debug|x64.ActiveCfg = Debug|x64
		{FC2929DF-CC08-4A5B-8D2B-69286E82DA4F}.Debug|x64.Build.0 = Debug|x64
		{FC2929DF-CC08-4A5B-8D2B-69286E82DA4F}.Debug|x86.ActiveCfg = Debug|Win32
		{FC2929DF-CC08-4A5B-8D2B-69286E82DA4F}.Debug|x86.Build.0 = Debug|Win32
		{FC2929DF-CC08-4A5B-8D2B-69286E82DA4F}.Release|x64.ActiveCfg = Release|x64
		{FC2929DF-CC08-4A5B-8D2B-69286E82DA4F}.Release|x64.Build.0 = Release|x64
		{FC2929DF-CC08-4A5B-8D2B-69286E82DA4F}.Release|x86.ActiveCfg = Release|Win32
		{FC2929DF-CC08-4A5B-8D2B-69286E82DA4F}.Release|x86.Build.0 = Release|Win32
		{B5FAA7B5-CF34-4BF0-8DDB-FED26075FA82}.Debug|x64.ActiveCfg = Debug|x64
		{B5FAA7B5-CF34-4BF0-8DDB-FED26075FA82}.Debug|x64.Build.0 = Debug|x64
		{B5FAA7B5-CF34-4BF0-8DDB-FED26075FA82}.Debug|x86.ActiveCfg = Debug|Win32
		{B5FAA7B5-CF34-4BF0-8DDB-FED26075FA82}.Debug|x86.Build.0 = Debug|Win32
		{B5FAA7B5-CF34-4BF0-8DDB-FED26075FA82}.Release|x64.ActiveCfg = Release|x64
		{B5FAA7B5-CF34-4BF0-8DDB-FED26075FA82}.Release|x64.Build.0 = Release|x64
		{B5FAA7B5-CF34-4BF0-8DDB-FED26075FA82}.Release|x86.ActiveCfg = Release|Win32
		{B5FAA7B5-CF34-4BF0-8DDB-FED26075FA82}.Release|x86.Build.0 = Release|Win32
		{18F4FF67-1170-4DAD-82EB-5377DAD09614}.Debug|x64.ActiveCfg = Debug|x64
		{18F4FF67-1170-4DAD-82EB-5377DAD09614}.Debug|x64.Build.0 = Debug|x64
		{18F4FF67-1170-4DAD-82EB-5377DAD09614}.Debug|x86.ActiveCfg = Debug|Win32
		{18F4FF67-1170-4DAD-82EB-5377DAD09614}.Debug|x86.Build.0 = Debug|Win32
		{18F4FF67-1170-4DAD-82EB-5377DAD09614}.Release|x64.ActiveCfg = Release|x64
		{18F4FF67-1170-4DAD-82EB-5377DAD09614}.Release|x64.Build.0 = Release|x64
		{18F4FF67-1170-4DAD-82EB-5377DAD09614}.Release|x86.ActiveCfg = Release|Win32
		{18F4FF67-1170-4DAD-82EB-5377DAD09614}.Release|x86.Build.0 = Release|Win32
		{B98C9E7A-2BCD-4BE8-84A2-8EF130A33958}.Debug|x64.ActiveCfg = Debug|x64
		{B98C9E7A-2BCD-4BE8-84A2-8EF130A33958}.Debug|x64.Build.0 = Debug|x64
		{B98C9E7A-2BCD-4BE8-84A2-8EF130A33958}.Debug|x86.ActiveCfg = Debug|Win32
		{B98C9E7A-2BCD-4BE8-84A2-8EF130A33958}.Debug|x86.Build.0 = Debug|Win32
		{B98C9E7A-2BCD-4BE8-84A2-8EF130A33958}.Release|x64.ActiveCfg = Release|x64
		{B98C9E7A-2BCD-4BE8-84A2-8EF130A33958}.Release|x64.Build.0 = Release|x64
		{B98C9E7A-2BCD-4BE8-84A2-8EF130A33958}.Release|x86.ActiveCfg = Release|Win32
		{B98C9E7A-2BCD-4BE8-84A2-8EF130A33958}.Release|x86.Build.0 = Release|Win32
		{DAD83347-216A-485C-8EF9-A13297CE409C}.Debug|x64.ActiveCfg = Debug|x64
		{DAD83347-216A-485C-8EF9-A13297CE409C}.Debug|x64.Build.0 = Debug|x64
		{DAD83347-216A-485C-8EF9-A13297CE409C}.Debug|x86.ActiveCfg = Debug|Win32
		{DAD83347-216A-485C-8EF9-A13297CE409C}.Debug|x86.Build.0 = Debug|Win32
		{DAD83347-216A-485C-8EF9-A13297CE409C}.Release|x64.ActiveCfg = Release|x64
		{DAD83347-216A-485C-8EF9-A13297CE409C}.Release|x64.Build.0 = Release|x64
		{DAD83347-216A-485C-8EF9-A13297CE409C}.Release|x86.ActiveCfg = Release|Win32
		{DAD83347-216A-485C-8EF9-A13297CE409C}.Release|x86.Build.0 = Release|Win32
		{CEBADFF6-17ED-4DED-A70C-2A738F699AB1}.Debug|x64.ActiveCfg = Debug|x64
		{CEBADFF6-17ED-4DED-A70C-2A738F699AB1}.Debug|x64.Build.0 = Debug|x64
		{CEBADFF6-17ED-4DED-A70C-2A738F699AB1}.Debug|x86.ActiveCfg = Debug|Win32
		{CEBADFF6-17ED-4DED-A70C-2A738F699AB1}.Debug|x86.Build.0 = Debug|Win32
		{CEBADFF6-17ED-4DED-A70C-2A738F699AB1}.Release|x64.ActiveCfg = Release|x64
		{CEBADFF6-17ED-4DED-A70C-2A738F699AB1}.Release|x64.Build.0 = Release|x64
		{CEBADFF6-17ED-4DED-A70C-2A738F699AB1}.Release|x86.ActiveCfg = Release|Win32
		{CEBADFF6-17ED-4DED-A70C-2A738F699AB1}.Release|x86.Build.0 = Release|Win32
		{78E62999-7403-42AF-8141-B22D59E069A9}.Debug|x64.ActiveCfg = Debug|x64
		{78E62999-7403-42AF-8141-B22D59E069A9}.Debug|x64.Build.0 = Debug|x64
		{78E62999-7403-42AF-8141-B22D59E069A9}.Debug|x86.ActiveCfg = Debug|Win32
		{78E62999-7403-42AF-8141-B22D59E069A9}.Debug|x86.Build.0 = Debug|Win32
		{78E62999-7403-42AF-8141-B22D59E069A9}.Release|x64.ActiveCfg = Release|x64
		{78E62999-7403-42AF-8141-B22D59E069A9}.Release|x64.Build.0 = Release|x64
		{78E62999-7403-42AF-8141-B22D59E069A9}.Release|x86.ActiveCfg = Release|Win32
		{78E62999-7403-42AF-8141-B22D59E069A9}.Release|x86.Build.0 = Release|Win32
	EndGlobalSection
	GlobalSection(SolutionProperties) = preSolution
		HideSolutionNode = FALSE
	EndGlobalSection
	GlobalSection(ExtensibilityGlobals) = postSolution
		SolutionGuid = {A4C45D5D-D181-422E-AF31-2EC249A1CC46}
	EndGlobalSection
EndGlobal
